
Microsoft Visual Studio Solution File, Format Version 12.00
# Visual Studio Version 17
VisualStudioVersion = 17.14.36310.24
MinimumVisualStudioVersion = 10.0.40219.1
Project("{FAE04EC0-301F-11D3-BF4B-00C04F79EFBC}") = "ApiProjectKampi.WebApi", "ApiProjectKampi.WebApi\ApiProjectKampi.WebApi.csproj", "{1DC6C80A-B7C7-456B-BF1E-711E6F4B5DCD}"
EndProject
Project("{FAE04EC0-301F-11D3-BF4B-00C04F79EFBC}") = "ApiProjeKampi.WebUI", "ApiProjeKampi.WebUI\ApiProjeKampi.WebUI.csproj", "{C76CFE76-E23B-4077-B2EF-27EE93560E06}"
EndProject
Global
	GlobalSection(SolutionConfigurationPlatforms) = preSolution
		Debug|Any CPU = Debug|Any CPU
		Release|Any CPU = Release|Any CPU
	EndGlobalSection
	GlobalSection(ProjectConfigurationPlatforms) = postSolution
		{1DC6C80A-B7C7-456B-BF1E-711E6F4B5DCD}.Debug|Any CPU.ActiveCfg = Debug|Any CPU
		{1DC6C80A-B7C7-456B-BF1E-711E6F4B5DCD}.Debug|Any CPU.Build.0 = Debug|Any CPU
		{1DC6C80A-B7C7-456B-BF1E-711E6F4B5DCD}.Release|Any CPU.ActiveCfg = Release|Any CPU
		{1DC6C80A-B7C7-456B-BF1E-711E6F4B5DCD}.Release|Any CPU.Build.0 = Release|Any CPU
		{C76CFE76-E23B-4077-B2EF-27EE93560E06}.Debug|Any CPU.ActiveCfg = Debug|Any CPU
		{C76CFE76-E23B-4077-B2EF-27EE93560E06}.Debug|Any CPU.Build.0 = Debug|Any CPU
		{C76CFE76-E23B-4077-B2EF-27EE93560E06}.Release|Any CPU.ActiveCfg = Release|Any CPU
		{C76CFE76-E23B-4077-B2EF-27EE93560E06}.Release|Any CPU.Build.0 = Release|Any CPU
	EndGlobalSection
	GlobalSection(SolutionProperties) = preSolution
		HideSolutionNode = FALSE
	EndGlobalSection
	GlobalSection(ExtensibilityGlobals) = postSolution
		SolutionGuid = {9B1DB137-168E-4611-B92E-B543AA9C8D27}
	EndGlobalSection
EndGlobal
